
Microsoft Visual Studio Solution File, Format Version 12.00
# Visual Studio Version 17
VisualStudioVersion = 17.0.32014.148
MinimumVisualStudioVersion = 10.0.40219.1
Project("{FAE04EC0-301F-11D3-BF4B-00C04F79EFBC}") = "IntroOOP", "IntroOOP\IntroOOP.csproj", "{AC1F40F8-C69E-465F-813A-674388BB89EA}"
EndProject
Global
	GlobalSection(SolutionConfigurationPlatforms) = preSolution
		Debug|Any CPU = Debug|Any CPU
		Release|Any CPU = Release|Any CPU
	EndGlobalSection
	GlobalSection(ProjectConfigurationPlatforms) = postSolution
		{AC1F40F8-C69E-465F-813A-674388BB89EA}.Debug|Any CPU.ActiveCfg = Debug|Any CPU
		{AC1F40F8-C69E-465F-813A-674388BB89EA}.Debug|Any CPU.Build.0 = Debug|Any CPU
		{AC1F40F8-C69E-465F-813A-674388BB89EA}.Release|Any CPU.ActiveCfg = Release|Any CPU
		{AC1F40F8-C69E-465F-813A-674388BB89EA}.Release|Any CPU.Build.0 = Release|Any CPU
	EndGlobalSection
	GlobalSection(SolutionProperties) = preSolution
		HideSolutionNode = FALSE
	EndGlobalSection
	GlobalSection(ExtensibilityGlobals) = postSolution
		SolutionGuid = {0295C322-AC6A-49ED-803C-BC67CCD50ABB}
	EndGlobalSection
EndGlobal
